{
  "name": "strudel-theme",
  "version": "1.0.0",
  "lockfileVersion": 1,
  "requires": true,
  "dependencies": {
    "strudel": {
      "version": "0.8.1",
      "resolved": "https://registry.npmjs.org/strudel/-/strudel-0.8.1.tgz",
      "integrity": "sha512-dXdOiIXgeSV8wtPXNc54WhHwkg7PR0Bp3I2NjSqK7u0Jui6i8EYy6twVCcDLcsSD0prGdft4U6J3YDBNjpt1CQ=="
    }
  }
}
